
Microsoft Visual Studio Solution File, Format Version 12.00
# Visual Studio Version 17
VisualStudioVersion = 17.7.34031.279
MinimumVisualStudioVersion = 10.0.40219.1
Project("{FAE04EC0-301F-11D3-BF4B-00C04F79EFBC}") = "aula6", "aula6.csproj", "{167806B3-E6D2-4A20-8170-9188947E4EF2}"
EndProject
Project("{FAE04EC0-301F-11D3-BF4B-00C04F79EFBC}") = "WinFormsApp1", "..\WinFormsApp1\WinFormsApp1.csproj", "{9B970AF5-10B9-4793-BE61-8DF18CB4EE21}"
EndProject
Global
	GlobalSection(SolutionConfigurationPlatforms) = preSolution
		Debug|Any CPU = Debug|Any CPU
		Release|Any CPU = Release|Any CPU
	EndGlobalSection
	GlobalSection(ProjectConfigurationPlatforms) = postSolution
		{167806B3-E6D2-4A20-8170-9188947E4EF2}.Debug|Any CPU.ActiveCfg = Debug|Any CPU
		{167806B3-E6D2-4A20-8170-9188947E4EF2}.Debug|Any CPU.Build.0 = Debug|Any CPU
		{167806B3-E6D2-4A20-8170-9188947E4EF2}.Release|Any CPU.ActiveCfg = Release|Any CPU
		{167806B3-E6D2-4A20-8170-9188947E4EF2}.Release|Any CPU.Build.0 = Release|Any CPU
		{9B970AF5-10B9-4793-BE61-8DF18CB4EE21}.Debug|Any CPU.ActiveCfg = Debug|Any CPU
		{9B970AF5-10B9-4793-BE61-8DF18CB4EE21}.Debug|Any CPU.Build.0 = Debug|Any CPU
		{9B970AF5-10B9-4793-BE61-8DF18CB4EE21}.Release|Any CPU.ActiveCfg = Release|Any CPU
		{9B970AF5-10B9-4793-BE61-8DF18CB4EE21}.Release|Any CPU.Build.0 = Release|Any CPU
	EndGlobalSection
	GlobalSection(SolutionProperties) = preSolution
		HideSolutionNode = FALSE
	EndGlobalSection
	GlobalSection(ExtensibilityGlobals) = postSolution
		SolutionGuid = {69CDC810-33F4-423C-B891-35692B6D8D5A}
	EndGlobalSection
EndGlobal
