
Microsoft Visual Studio Solution File, Format Version 12.00
# Visual Studio Version 17
VisualStudioVersion = 17.7.34031.279
MinimumVisualStudioVersion = 10.0.40219.1
Project("{9A19103F-16F7-4668-BE54-9A1E7A4F7556}") = "aula18", "aula18\aula18.csproj", "{4683683D-9FF4-4B20-9012-74137CC74626}"
EndProject
Project("{FAE04EC0-301F-11D3-BF4B-00C04F79EFBC}") = "criptomoedas", "parte2\criptomoedas.csproj", "{FCF3C3FE-0E87-494F-8195-71EF199F1081}"
EndProject
Global
	GlobalSection(SolutionConfigurationPlatforms) = preSolution
		Debug|Any CPU = Debug|Any CPU
		Release|Any CPU = Release|Any CPU
	EndGlobalSection
	GlobalSection(ProjectConfigurationPlatforms) = postSolution
		{4683683D-9FF4-4B20-9012-74137CC74626}.Debug|Any CPU.ActiveCfg = Debug|Any CPU
		{4683683D-9FF4-4B20-9012-74137CC74626}.Debug|Any CPU.Build.0 = Debug|Any CPU
		{4683683D-9FF4-4B20-9012-74137CC74626}.Release|Any CPU.ActiveCfg = Release|Any CPU
		{4683683D-9FF4-4B20-9012-74137CC74626}.Release|Any CPU.Build.0 = Release|Any CPU
		{FCF3C3FE-0E87-494F-8195-71EF199F1081}.Debug|Any CPU.ActiveCfg = Debug|Any CPU
		{FCF3C3FE-0E87-494F-8195-71EF199F1081}.Debug|Any CPU.Build.0 = Debug|Any CPU
		{FCF3C3FE-0E87-494F-8195-71EF199F1081}.Release|Any CPU.ActiveCfg = Release|Any CPU
		{FCF3C3FE-0E87-494F-8195-71EF199F1081}.Release|Any CPU.Build.0 = Release|Any CPU
	EndGlobalSection
	GlobalSection(SolutionProperties) = preSolution
		HideSolutionNode = FALSE
	EndGlobalSection
	GlobalSection(ExtensibilityGlobals) = postSolution
		SolutionGuid = {DA6C97EC-6C04-4795-B0E4-9773B9144FDC}
	EndGlobalSection
EndGlobal
