
Microsoft Visual Studio Solution File, Format Version 12.00
# Visual Studio Version 17
VisualStudioVersion = 17.7.34031.279
MinimumVisualStudioVersion = 10.0.40219.1
Project("{FAE04EC0-301F-11D3-BF4B-00C04F79EFBC}") = "Telegram", "Telegram\Telegram.csproj", "{DE86EB49-3990-4E0C-8121-DA0B89A145A4}"
EndProject
Global
	GlobalSection(SolutionConfigurationPlatforms) = preSolution
		Debug|Any CPU = Debug|Any CPU
		Release|Any CPU = Release|Any CPU
	EndGlobalSection
	GlobalSection(ProjectConfigurationPlatforms) = postSolution
		{DE86EB49-3990-4E0C-8121-DA0B89A145A4}.Debug|Any CPU.ActiveCfg = Debug|Any CPU
		{DE86EB49-3990-4E0C-8121-DA0B89A145A4}.Debug|Any CPU.Build.0 = Debug|Any CPU
		{DE86EB49-3990-4E0C-8121-DA0B89A145A4}.Release|Any CPU.ActiveCfg = Release|Any CPU
		{DE86EB49-3990-4E0C-8121-DA0B89A145A4}.Release|Any CPU.Build.0 = Release|Any CPU
	EndGlobalSection
	GlobalSection(SolutionProperties) = preSolution
		HideSolutionNode = FALSE
	EndGlobalSection
	GlobalSection(ExtensibilityGlobals) = postSolution
		SolutionGuid = {600972DE-3EB5-4867-9473-B6386C56C671}
	EndGlobalSection
EndGlobal
